
Microsoft Visual Studio Solution File, Format Version 12.00
# Visual Studio Version 17
VisualStudioVersion = 17.4.33213.308
MinimumVisualStudioVersion = 10.0.40219.1
Project("{FAE04EC0-301F-11D3-BF4B-00C04F79EFBC}") = "ContosoUniversity", "ContosoUniversity.csproj", "{25720F3F-9CAB-49E0-B602-958D79747244}"
EndProject
Global
	GlobalSection(SolutionConfigurationPlatforms) = preSolution
		Debug|Any CPU = Debug|Any CPU
		Release|Any CPU = Release|Any CPU
	EndGlobalSection
	GlobalSection(ProjectConfigurationPlatforms) = postSolution
		{25720F3F-9CAB-49E0-B602-958D79747244}.Debug|Any CPU.ActiveCfg = Debug|Any CPU
		{25720F3F-9CAB-49E0-B602-958D79747244}.Debug|Any CPU.Build.0 = Debug|Any CPU
		{25720F3F-9CAB-49E0-B602-958D79747244}.Release|Any CPU.ActiveCfg = Release|Any CPU
		{25720F3F-9CAB-49E0-B602-958D79747244}.Release|Any CPU.Build.0 = Release|Any CPU
	EndGlobalSection
	GlobalSection(SolutionProperties) = preSolution
		HideSolutionNode = FALSE
	EndGlobalSection
	GlobalSection(ExtensibilityGlobals) = postSolution
		SolutionGuid = {259B365E-B96B-40E4-9060-7A078E2CFC8D}
	EndGlobalSection
EndGlobal
